
Microsoft Visual Studio Solution File, Format Version 12.00
# Visual Studio 15
VisualStudioVersion = 15.0.28307.489
MinimumVisualStudioVersion = 10.0.40219.1
Project("{8BC9CEB8-8B4A-11D0-8D11-00A0C91BC942}") = "zadanie_hash_table_ver_finalna", "zadanie_hash_table_ver_finalna\zadanie_hash_table_ver_finalna.vcxproj", "{11EE3CB6-6D0C-4456-B057-B678D34B2E8B}"
EndProject
Global
	GlobalSection(SolutionConfigurationPlatforms) = preSolution
		Debug|x64 = Debug|x64
		Debug|x86 = Debug|x86
		Release|x64 = Release|x64
		Release|x86 = Release|x86
	EndGlobalSection
	GlobalSection(ProjectConfigurationPlatforms) = postSolution
		{11EE3CB6-6D0C-4456-B057-B678D34B2E8B}.Debug|x64.ActiveCfg = Debug|x64
		{11EE3CB6-6D0C-4456-B057-B678D34B2E8B}.Debug|x64.Build.0 = Debug|x64
		{11EE3CB6-6D0C-4456-B057-B678D34B2E8B}.Debug|x86.ActiveCfg = Debug|Win32
		{11EE3CB6-6D0C-4456-B057-B678D34B2E8B}.Debug|x86.Build.0 = Debug|Win32
		{11EE3CB6-6D0C-4456-B057-B678D34B2E8B}.Release|x64.ActiveCfg = Release|x64
		{11EE3CB6-6D0C-4456-B057-B678D34B2E8B}.Release|x64.Build.0 = Release|x64
		{11EE3CB6-6D0C-4456-B057-B678D34B2E8B}.Release|x86.ActiveCfg = Release|Win32
		{11EE3CB6-6D0C-4456-B057-B678D34B2E8B}.Release|x86.Build.0 = Release|Win32
	EndGlobalSection
	GlobalSection(SolutionProperties) = preSolution
		HideSolutionNode = FALSE
	EndGlobalSection
	GlobalSection(ExtensibilityGlobals) = postSolution
		SolutionGuid = {53351D08-CFFF-4C23-881F-931FDE54B640}
	EndGlobalSection
EndGlobal
