
Microsoft Visual Studio Solution File, Format Version 12.00
# Visual Studio Version 16
VisualStudioVersion = 16.0.29519.87
MinimumVisualStudioVersion = 10.0.40219.1
Project("{888888A0-9F3D-457C-B088-3A5042F75D52}") = "Video_Python", "Video_Python\Video_Python.pyproj", "{4EDF7710-5FA7-4AA1-8429-C73432091844}"
EndProject
Project("{888888A0-9F3D-457C-B088-3A5042F75D52}") = "hack", "hack\hack.pyproj", "{7FF63938-A8A7-489B-9DA0-6DD779306ABA}"
EndProject
Global
	GlobalSection(SolutionConfigurationPlatforms) = preSolution
		Debug|Any CPU = Debug|Any CPU
		Release|Any CPU = Release|Any CPU
	EndGlobalSection
	GlobalSection(ProjectConfigurationPlatforms) = postSolution
		{4EDF7710-5FA7-4AA1-8429-C73432091844}.Debug|Any CPU.ActiveCfg = Debug|Any CPU
		{4EDF7710-5FA7-4AA1-8429-C73432091844}.Release|Any CPU.ActiveCfg = Release|Any CPU
		{7FF63938-A8A7-489B-9DA0-6DD779306ABA}.Debug|Any CPU.ActiveCfg = Debug|Any CPU
		{7FF63938-A8A7-489B-9DA0-6DD779306ABA}.Release|Any CPU.ActiveCfg = Release|Any CPU
	EndGlobalSection
	GlobalSection(SolutionProperties) = preSolution
		HideSolutionNode = FALSE
	EndGlobalSection
	GlobalSection(ExtensibilityGlobals) = postSolution
		SolutionGuid = {90F72B07-C15F-4A05-B341-857972724DE6}
	EndGlobalSection
EndGlobal
