
Microsoft Visual Studio Solution File, Format Version 12.00
# Visual Studio Version 16
VisualStudioVersion = 16.0.29920.165
MinimumVisualStudioVersion = 10.0.40219.1
Project("{FAE04EC0-301F-11D3-BF4B-00C04F79EFBC}") = "Horse_Race_GUI", "Horse_Race_GUI\Horse_Race_GUI.csproj", "{DF652411-2712-40F6-92D4-B5FF6601EE68}"
EndProject
Global
	GlobalSection(SolutionConfigurationPlatforms) = preSolution
		Debug|Any CPU = Debug|Any CPU
		Release|Any CPU = Release|Any CPU
	EndGlobalSection
	GlobalSection(ProjectConfigurationPlatforms) = postSolution
		{DF652411-2712-40F6-92D4-B5FF6601EE68}.Debug|Any CPU.ActiveCfg = Debug|Any CPU
		{DF652411-2712-40F6-92D4-B5FF6601EE68}.Debug|Any CPU.Build.0 = Debug|Any CPU
		{DF652411-2712-40F6-92D4-B5FF6601EE68}.Release|Any CPU.ActiveCfg = Release|Any CPU
		{DF652411-2712-40F6-92D4-B5FF6601EE68}.Release|Any CPU.Build.0 = Release|Any CPU
	EndGlobalSection
	GlobalSection(SolutionProperties) = preSolution
		HideSolutionNode = FALSE
	EndGlobalSection
	GlobalSection(ExtensibilityGlobals) = postSolution
		SolutionGuid = {A0BBA666-8EB4-4681-ACAF-33810D9CA51F}
	EndGlobalSection
EndGlobal
