
Microsoft Visual Studio Solution File, Format Version 12.00
# Visual Studio Version 16
VisualStudioVersion = 16.0.30907.101
MinimumVisualStudioVersion = 10.0.40219.1
Project("{888888A0-9F3D-457C-B088-3A5042F75D52}") = "Exercise_1", "Exercise_1\Exercise_1.pyproj", "{A12637E8-3AC5-4822-B59E-DFC338C5B47F}"
EndProject
Global
	GlobalSection(SolutionConfigurationPlatforms) = preSolution
		Debug|Any CPU = Debug|Any CPU
		Release|Any CPU = Release|Any CPU
	EndGlobalSection
	GlobalSection(ProjectConfigurationPlatforms) = postSolution
		{A12637E8-3AC5-4822-B59E-DFC338C5B47F}.Debug|Any CPU.ActiveCfg = Debug|Any CPU
		{A12637E8-3AC5-4822-B59E-DFC338C5B47F}.Release|Any CPU.ActiveCfg = Release|Any CPU
	EndGlobalSection
	GlobalSection(SolutionProperties) = preSolution
		HideSolutionNode = FALSE
	EndGlobalSection
	GlobalSection(ExtensibilityGlobals) = postSolution
		SolutionGuid = {192EFE86-3CE4-47E7-AFBB-ED45A1848D1C}
	EndGlobalSection
EndGlobal
