
Microsoft Visual Studio Solution File, Format Version 12.00
# Visual Studio Version 16
VisualStudioVersion = 16.0.29911.84
MinimumVisualStudioVersion = 10.0.40219.1
Project("{FAE04EC0-301F-11D3-BF4B-00C04F79EFBC}") = "Horse_Race", "Horse_Race\Horse_Race.csproj", "{A92D4681-0CA5-43E6-AFDD-942B7A73E6CA}"
EndProject
Global
	GlobalSection(SolutionConfigurationPlatforms) = preSolution
		Debug|Any CPU = Debug|Any CPU
		Release|Any CPU = Release|Any CPU
	EndGlobalSection
	GlobalSection(ProjectConfigurationPlatforms) = postSolution
		{A92D4681-0CA5-43E6-AFDD-942B7A73E6CA}.Debug|Any CPU.ActiveCfg = Debug|Any CPU
		{A92D4681-0CA5-43E6-AFDD-942B7A73E6CA}.Debug|Any CPU.Build.0 = Debug|Any CPU
		{A92D4681-0CA5-43E6-AFDD-942B7A73E6CA}.Release|Any CPU.ActiveCfg = Release|Any CPU
		{A92D4681-0CA5-43E6-AFDD-942B7A73E6CA}.Release|Any CPU.Build.0 = Release|Any CPU
	EndGlobalSection
	GlobalSection(SolutionProperties) = preSolution
		HideSolutionNode = FALSE
	EndGlobalSection
	GlobalSection(ExtensibilityGlobals) = postSolution
		SolutionGuid = {A96332AD-EC69-4FE5-AACB-BA573572CDCB}
	EndGlobalSection
EndGlobal
