
Microsoft Visual Studio Solution File, Format Version 12.00
# Visual Studio Version 16
VisualStudioVersion = 16.0.29613.14
MinimumVisualStudioVersion = 10.0.40219.1
Project("{8BC9CEB8-8B4A-11D0-8D11-00A0C91BC942}") = "DFT", "DFT\DFT.vcxproj", "{DBE30F04-3DE5-44AF-A420-75CF51D349FD}"
EndProject
Global
	GlobalSection(SolutionConfigurationPlatforms) = preSolution
		Debug|x64 = Debug|x64
		Debug|x86 = Debug|x86
		Release|x64 = Release|x64
		Release|x86 = Release|x86
	EndGlobalSection
	GlobalSection(ProjectConfigurationPlatforms) = postSolution
		{DBE30F04-3DE5-44AF-A420-75CF51D349FD}.Debug|x64.ActiveCfg = Debug|x64
		{DBE30F04-3DE5-44AF-A420-75CF51D349FD}.Debug|x64.Build.0 = Debug|x64
		{DBE30F04-3DE5-44AF-A420-75CF51D349FD}.Debug|x86.ActiveCfg = Debug|Win32
		{DBE30F04-3DE5-44AF-A420-75CF51D349FD}.Debug|x86.Build.0 = Debug|Win32
		{DBE30F04-3DE5-44AF-A420-75CF51D349FD}.Release|x64.ActiveCfg = Release|x64
		{DBE30F04-3DE5-44AF-A420-75CF51D349FD}.Release|x64.Build.0 = Release|x64
		{DBE30F04-3DE5-44AF-A420-75CF51D349FD}.Release|x86.ActiveCfg = Release|Win32
		{DBE30F04-3DE5-44AF-A420-75CF51D349FD}.Release|x86.Build.0 = Release|Win32
	EndGlobalSection
	GlobalSection(SolutionProperties) = preSolution
		HideSolutionNode = FALSE
	EndGlobalSection
	GlobalSection(ExtensibilityGlobals) = postSolution
		SolutionGuid = {5504E958-3F1E-4FBF-9073-01E14F4E5383}
	EndGlobalSection
EndGlobal
