
Microsoft Visual Studio Solution File, Format Version 12.00
# Visual Studio Version 16
VisualStudioVersion = 16.0.30011.22
MinimumVisualStudioVersion = 10.0.40219.1
Project("{888888A0-9F3D-457C-B088-3A5042F75D52}") = "TF2_QuickStart", "TF2_QuickStart\TF2_QuickStart.pyproj", "{CFF3867C-9E83-4AF6-8BE6-63874A627193}"
EndProject
Project("{888888A0-9F3D-457C-B088-3A5042F75D52}") = "Self_Photo_Loading", "Self_Photo_Loading\Self_Photo_Loading.pyproj", "{E15143AB-1E9C-4E4C-AF25-68528DA98FCC}"
EndProject
Project("{888888A0-9F3D-457C-B088-3A5042F75D52}") = "Convolutional_Neural_Network", "Convolutional_Neural_Network\Convolutional_Neural_Network.pyproj", "{FE463FC4-F765-4565-99D4-2932DD197F8E}"
EndProject
Project("{888888A0-9F3D-457C-B088-3A5042F75D52}") = "Testing_Trained_Model", "Testing_Trained_Model\Testing_Trained_Model.pyproj", "{1F8E9F69-430E-460D-B7C4-DD8CC5ED1157}"
EndProject
Global
	GlobalSection(SolutionConfigurationPlatforms) = preSolution
		Debug|Any CPU = Debug|Any CPU
		Release|Any CPU = Release|Any CPU
	EndGlobalSection
	GlobalSection(ProjectConfigurationPlatforms) = postSolution
		{CFF3867C-9E83-4AF6-8BE6-63874A627193}.Debug|Any CPU.ActiveCfg = Debug|Any CPU
		{CFF3867C-9E83-4AF6-8BE6-63874A627193}.Release|Any CPU.ActiveCfg = Release|Any CPU
		{E15143AB-1E9C-4E4C-AF25-68528DA98FCC}.Debug|Any CPU.ActiveCfg = Debug|Any CPU
		{E15143AB-1E9C-4E4C-AF25-68528DA98FCC}.Release|Any CPU.ActiveCfg = Release|Any CPU
		{FE463FC4-F765-4565-99D4-2932DD197F8E}.Debug|Any CPU.ActiveCfg = Debug|Any CPU
		{FE463FC4-F765-4565-99D4-2932DD197F8E}.Release|Any CPU.ActiveCfg = Release|Any CPU
		{1F8E9F69-430E-460D-B7C4-DD8CC5ED1157}.Debug|Any CPU.ActiveCfg = Debug|Any CPU
		{1F8E9F69-430E-460D-B7C4-DD8CC5ED1157}.Release|Any CPU.ActiveCfg = Release|Any CPU
	EndGlobalSection
	GlobalSection(SolutionProperties) = preSolution
		HideSolutionNode = FALSE
	EndGlobalSection
	GlobalSection(ExtensibilityGlobals) = postSolution
		SolutionGuid = {D64BD4C8-BAF3-4023-A4FF-3014535BECD0}
	EndGlobalSection
EndGlobal
