
Microsoft Visual Studio Solution File, Format Version 12.00
# Visual Studio Version 16
VisualStudioVersion = 16.0.29326.143
MinimumVisualStudioVersion = 10.0.40219.1
Project("{8BC9CEB8-8B4A-11D0-8D11-00A0C91BC942}") = "First_Cell_Automata", "First_Cell_Automata\First_Cell_Automata.vcxproj", "{A5B83C3A-6107-4AEA-8152-A32366693262}"
EndProject
Global
	GlobalSection(SolutionConfigurationPlatforms) = preSolution
		Debug|x64 = Debug|x64
		Debug|x86 = Debug|x86
		Release|x64 = Release|x64
		Release|x86 = Release|x86
	EndGlobalSection
	GlobalSection(ProjectConfigurationPlatforms) = postSolution
		{A5B83C3A-6107-4AEA-8152-A32366693262}.Debug|x64.ActiveCfg = Debug|x64
		{A5B83C3A-6107-4AEA-8152-A32366693262}.Debug|x64.Build.0 = Debug|x64
		{A5B83C3A-6107-4AEA-8152-A32366693262}.Debug|x86.ActiveCfg = Debug|Win32
		{A5B83C3A-6107-4AEA-8152-A32366693262}.Debug|x86.Build.0 = Debug|Win32
		{A5B83C3A-6107-4AEA-8152-A32366693262}.Release|x64.ActiveCfg = Release|x64
		{A5B83C3A-6107-4AEA-8152-A32366693262}.Release|x64.Build.0 = Release|x64
		{A5B83C3A-6107-4AEA-8152-A32366693262}.Release|x86.ActiveCfg = Release|Win32
		{A5B83C3A-6107-4AEA-8152-A32366693262}.Release|x86.Build.0 = Release|Win32
	EndGlobalSection
	GlobalSection(SolutionProperties) = preSolution
		HideSolutionNode = FALSE
	EndGlobalSection
	GlobalSection(ExtensibilityGlobals) = postSolution
		SolutionGuid = {2C838616-93EC-40D0-AA88-B80CA0A064AF}
	EndGlobalSection
EndGlobal
