
Microsoft Visual Studio Solution File, Format Version 12.00
# Visual Studio Version 16
VisualStudioVersion = 16.0.29728.190
MinimumVisualStudioVersion = 10.0.40219.1
Project("{8BC9CEB8-8B4A-11D0-8D11-00A0C91BC942}") = "DPLL_Algorithm", "DPLL_Algorithm\DPLL_Algorithm.vcxproj", "{F236DF46-6310-4B55-939C-0D15D16F8BB4}"
EndProject
Project("{8BC9CEB8-8B4A-11D0-8D11-00A0C91BC942}") = "DPLL_Algorithm_ver2", "DPLL_Algorithm_ver2\DPLL_Algorithm_ver2.vcxproj", "{DAFE52CF-EA3E-4583-AEA1-84E5A4A61F48}"
EndProject
Project("{8BC9CEB8-8B4A-11D0-8D11-00A0C91BC942}") = "DPLL_Algorithm_ver3", "DPLL_Algorithm_ver3\DPLL_Algorithm_ver3.vcxproj", "{AC54B436-3B22-41F3-A77A-8DC5F2027290}"
EndProject
Project("{8BC9CEB8-8B4A-11D0-8D11-00A0C91BC942}") = "DPLL_Algorithm_ver4", "DPLL_Algorithm_ver4\DPLL_Algorithm_ver4.vcxproj", "{93333F6C-8223-4A7D-910A-12C0D777A04C}"
EndProject
Project("{8BC9CEB8-8B4A-11D0-8D11-00A0C91BC942}") = "DPLL_Algorithm_ver5", "DPLL_Algorithm_ver5\DPLL_Algorithm_ver5.vcxproj", "{E342E5DA-B2A2-45C1-94D2-AD1B49917D56}"
EndProject
Project("{8BC9CEB8-8B4A-11D0-8D11-00A0C91BC942}") = "DPLL_Algorithm_ver6", "DPLL_Algorithm_ver6\DPLL_Algorithm_ver6.vcxproj", "{AB2AD239-DDE4-40EB-9E86-F00ABD98EE91}"
EndProject
Global
	GlobalSection(SolutionConfigurationPlatforms) = preSolution
		Debug|x64 = Debug|x64
		Debug|x86 = Debug|x86
		Release|x64 = Release|x64
		Release|x86 = Release|x86
	EndGlobalSection
	GlobalSection(ProjectConfigurationPlatforms) = postSolution
		{F236DF46-6310-4B55-939C-0D15D16F8BB4}.Debug|x64.ActiveCfg = Debug|x64
		{F236DF46-6310-4B55-939C-0D15D16F8BB4}.Debug|x64.Build.0 = Debug|x64
		{F236DF46-6310-4B55-939C-0D15D16F8BB4}.Debug|x86.ActiveCfg = Debug|Win32
		{F236DF46-6310-4B55-939C-0D15D16F8BB4}.Debug|x86.Build.0 = Debug|Win32
		{F236DF46-6310-4B55-939C-0D15D16F8BB4}.Release|x64.ActiveCfg = Release|x64
		{F236DF46-6310-4B55-939C-0D15D16F8BB4}.Release|x64.Build.0 = Release|x64
		{F236DF46-6310-4B55-939C-0D15D16F8BB4}.Release|x86.ActiveCfg = Release|Win32
		{F236DF46-6310-4B55-939C-0D15D16F8BB4}.Release|x86.Build.0 = Release|Win32
		{DAFE52CF-EA3E-4583-AEA1-84E5A4A61F48}.Debug|x64.ActiveCfg = Debug|x64
		{DAFE52CF-EA3E-4583-AEA1-84E5A4A61F48}.Debug|x64.Build.0 = Debug|x64
		{DAFE52CF-EA3E-4583-AEA1-84E5A4A61F48}.Debug|x86.ActiveCfg = Debug|Win32
		{DAFE52CF-EA3E-4583-AEA1-84E5A4A61F48}.Debug|x86.Build.0 = Debug|Win32
		{DAFE52CF-EA3E-4583-AEA1-84E5A4A61F48}.Release|x64.ActiveCfg = Release|x64
		{DAFE52CF-EA3E-4583-AEA1-84E5A4A61F48}.Release|x64.Build.0 = Release|x64
		{DAFE52CF-EA3E-4583-AEA1-84E5A4A61F48}.Release|x86.ActiveCfg = Release|Win32
		{DAFE52CF-EA3E-4583-AEA1-84E5A4A61F48}.Release|x86.Build.0 = Release|Win32
		{AC54B436-3B22-41F3-A77A-8DC5F2027290}.Debug|x64.ActiveCfg = Debug|x64
		{AC54B436-3B22-41F3-A77A-8DC5F2027290}.Debug|x64.Build.0 = Debug|x64
		{AC54B436-3B22-41F3-A77A-8DC5F2027290}.Debug|x86.ActiveCfg = Debug|Win32
		{AC54B436-3B22-41F3-A77A-8DC5F2027290}.Debug|x86.Build.0 = Debug|Win32
		{AC54B436-3B22-41F3-A77A-8DC5F2027290}.Release|x64.ActiveCfg = Release|x64
		{AC54B436-3B22-41F3-A77A-8DC5F2027290}.Release|x64.Build.0 = Release|x64
		{AC54B436-3B22-41F3-A77A-8DC5F2027290}.Release|x86.ActiveCfg = Release|Win32
		{AC54B436-3B22-41F3-A77A-8DC5F2027290}.Release|x86.Build.0 = Release|Win32
		{93333F6C-8223-4A7D-910A-12C0D777A04C}.Debug|x64.ActiveCfg = Debug|x64
		{93333F6C-8223-4A7D-910A-12C0D777A04C}.Debug|x64.Build.0 = Debug|x64
		{93333F6C-8223-4A7D-910A-12C0D777A04C}.Debug|x86.ActiveCfg = Debug|Win32
		{93333F6C-8223-4A7D-910A-12C0D777A04C}.Debug|x86.Build.0 = Debug|Win32
		{93333F6C-8223-4A7D-910A-12C0D777A04C}.Release|x64.ActiveCfg = Release|x64
		{93333F6C-8223-4A7D-910A-12C0D777A04C}.Release|x64.Build.0 = Release|x64
		{93333F6C-8223-4A7D-910A-12C0D777A04C}.Release|x86.ActiveCfg = Release|Win32
		{93333F6C-8223-4A7D-910A-12C0D777A04C}.Release|x86.Build.0 = Release|Win32
		{E342E5DA-B2A2-45C1-94D2-AD1B49917D56}.Debug|x64.ActiveCfg = Debug|x64
		{E342E5DA-B2A2-45C1-94D2-AD1B49917D56}.Debug|x64.Build.0 = Debug|x64
		{E342E5DA-B2A2-45C1-94D2-AD1B49917D56}.Debug|x86.ActiveCfg = Debug|Win32
		{E342E5DA-B2A2-45C1-94D2-AD1B49917D56}.Debug|x86.Build.0 = Debug|Win32
		{E342E5DA-B2A2-45C1-94D2-AD1B49917D56}.Release|x64.ActiveCfg = Release|x64
		{E342E5DA-B2A2-45C1-94D2-AD1B49917D56}.Release|x64.Build.0 = Release|x64
		{E342E5DA-B2A2-45C1-94D2-AD1B49917D56}.Release|x86.ActiveCfg = Release|Win32
		{E342E5DA-B2A2-45C1-94D2-AD1B49917D56}.Release|x86.Build.0 = Release|Win32
		{AB2AD239-DDE4-40EB-9E86-F00ABD98EE91}.Debug|x64.ActiveCfg = Debug|x64
		{AB2AD239-DDE4-40EB-9E86-F00ABD98EE91}.Debug|x64.Build.0 = Debug|x64
		{AB2AD239-DDE4-40EB-9E86-F00ABD98EE91}.Debug|x86.ActiveCfg = Debug|Win32
		{AB2AD239-DDE4-40EB-9E86-F00ABD98EE91}.Debug|x86.Build.0 = Debug|Win32
		{AB2AD239-DDE4-40EB-9E86-F00ABD98EE91}.Release|x64.ActiveCfg = Release|x64
		{AB2AD239-DDE4-40EB-9E86-F00ABD98EE91}.Release|x64.Build.0 = Release|x64
		{AB2AD239-DDE4-40EB-9E86-F00ABD98EE91}.Release|x86.ActiveCfg = Release|Win32
		{AB2AD239-DDE4-40EB-9E86-F00ABD98EE91}.Release|x86.Build.0 = Release|Win32
	EndGlobalSection
	GlobalSection(SolutionProperties) = preSolution
		HideSolutionNode = FALSE
	EndGlobalSection
	GlobalSection(ExtensibilityGlobals) = postSolution
		SolutionGuid = {814C47A5-BB79-45EE-97E1-AB92B966E0B3}
	EndGlobalSection
EndGlobal
