
Microsoft Visual Studio Solution File, Format Version 12.00
# Visual Studio Version 16
VisualStudioVersion = 16.0.29418.71
MinimumVisualStudioVersion = 10.0.40219.1
Project("{FAE04EC0-301F-11D3-BF4B-00C04F79EFBC}") = "Kalkulator_NET", "Kalkulator_NET\Kalkulator_NET.csproj", "{259FFEFC-B7BE-48C6-BD91-ECA6A40C4FD6}"
EndProject
Global
	GlobalSection(SolutionConfigurationPlatforms) = preSolution
		Debug|Any CPU = Debug|Any CPU
		Release|Any CPU = Release|Any CPU
	EndGlobalSection
	GlobalSection(ProjectConfigurationPlatforms) = postSolution
		{259FFEFC-B7BE-48C6-BD91-ECA6A40C4FD6}.Debug|Any CPU.ActiveCfg = Debug|Any CPU
		{259FFEFC-B7BE-48C6-BD91-ECA6A40C4FD6}.Debug|Any CPU.Build.0 = Debug|Any CPU
		{259FFEFC-B7BE-48C6-BD91-ECA6A40C4FD6}.Release|Any CPU.ActiveCfg = Release|Any CPU
		{259FFEFC-B7BE-48C6-BD91-ECA6A40C4FD6}.Release|Any CPU.Build.0 = Release|Any CPU
	EndGlobalSection
	GlobalSection(SolutionProperties) = preSolution
		HideSolutionNode = FALSE
	EndGlobalSection
	GlobalSection(ExtensibilityGlobals) = postSolution
		SolutionGuid = {8C34859F-783C-4575-9A4F-1D6C37AC63F3}
	EndGlobalSection
EndGlobal
