
Microsoft Visual Studio Solution File, Format Version 12.00
# Visual Studio Version 16
VisualStudioVersion = 16.0.29424.173
MinimumVisualStudioVersion = 10.0.40219.1
Project("{8BC9CEB8-8B4A-11D0-8D11-00A0C91BC942}") = "4_rodzaje_losowan", "4_rodzaje_losowan\4_rodzaje_losowan.vcxproj", "{94715CF9-662A-4688-AF28-F976136B2385}"
EndProject
Global
	GlobalSection(SolutionConfigurationPlatforms) = preSolution
		Debug|x64 = Debug|x64
		Debug|x86 = Debug|x86
		Release|x64 = Release|x64
		Release|x86 = Release|x86
	EndGlobalSection
	GlobalSection(ProjectConfigurationPlatforms) = postSolution
		{94715CF9-662A-4688-AF28-F976136B2385}.Debug|x64.ActiveCfg = Debug|x64
		{94715CF9-662A-4688-AF28-F976136B2385}.Debug|x64.Build.0 = Debug|x64
		{94715CF9-662A-4688-AF28-F976136B2385}.Debug|x86.ActiveCfg = Debug|Win32
		{94715CF9-662A-4688-AF28-F976136B2385}.Debug|x86.Build.0 = Debug|Win32
		{94715CF9-662A-4688-AF28-F976136B2385}.Release|x64.ActiveCfg = Release|x64
		{94715CF9-662A-4688-AF28-F976136B2385}.Release|x64.Build.0 = Release|x64
		{94715CF9-662A-4688-AF28-F976136B2385}.Release|x86.ActiveCfg = Release|Win32
		{94715CF9-662A-4688-AF28-F976136B2385}.Release|x86.Build.0 = Release|Win32
	EndGlobalSection
	GlobalSection(SolutionProperties) = preSolution
		HideSolutionNode = FALSE
	EndGlobalSection
	GlobalSection(ExtensibilityGlobals) = postSolution
		SolutionGuid = {947916EF-F6E2-4926-9871-E2FD38ED0541}
	EndGlobalSection
EndGlobal
