
Microsoft Visual Studio Solution File, Format Version 12.00
# Visual Studio 15
VisualStudioVersion = 15.0.28307.489
MinimumVisualStudioVersion = 10.0.40219.1
Project("{8BC9CEB8-8B4A-11D0-8D11-00A0C91BC942}") = "zadanie_heap_ver_finalna", "zadanie_heap_ver_finalna\zadanie_heap_ver_finalna.vcxproj", "{A72B970B-BD29-4AFE-860E-85980400D511}"
EndProject
Project("{8BC9CEB8-8B4A-11D0-8D11-00A0C91BC942}") = "ver_finalna_wysylka", "ver_finalna_wysylka\ver_finalna_wysylka.vcxproj", "{5764628B-3619-4A07-8784-B1F0B7E6D1DC}"
EndProject
Global
	GlobalSection(SolutionConfigurationPlatforms) = preSolution
		Debug|x64 = Debug|x64
		Debug|x86 = Debug|x86
		Release|x64 = Release|x64
		Release|x86 = Release|x86
	EndGlobalSection
	GlobalSection(ProjectConfigurationPlatforms) = postSolution
		{A72B970B-BD29-4AFE-860E-85980400D511}.Debug|x64.ActiveCfg = Debug|x64
		{A72B970B-BD29-4AFE-860E-85980400D511}.Debug|x64.Build.0 = Debug|x64
		{A72B970B-BD29-4AFE-860E-85980400D511}.Debug|x86.ActiveCfg = Debug|Win32
		{A72B970B-BD29-4AFE-860E-85980400D511}.Debug|x86.Build.0 = Debug|Win32
		{A72B970B-BD29-4AFE-860E-85980400D511}.Release|x64.ActiveCfg = Release|x64
		{A72B970B-BD29-4AFE-860E-85980400D511}.Release|x64.Build.0 = Release|x64
		{A72B970B-BD29-4AFE-860E-85980400D511}.Release|x86.ActiveCfg = Release|Win32
		{A72B970B-BD29-4AFE-860E-85980400D511}.Release|x86.Build.0 = Release|Win32
		{5764628B-3619-4A07-8784-B1F0B7E6D1DC}.Debug|x64.ActiveCfg = Debug|x64
		{5764628B-3619-4A07-8784-B1F0B7E6D1DC}.Debug|x64.Build.0 = Debug|x64
		{5764628B-3619-4A07-8784-B1F0B7E6D1DC}.Debug|x86.ActiveCfg = Debug|Win32
		{5764628B-3619-4A07-8784-B1F0B7E6D1DC}.Debug|x86.Build.0 = Debug|Win32
		{5764628B-3619-4A07-8784-B1F0B7E6D1DC}.Release|x64.ActiveCfg = Release|x64
		{5764628B-3619-4A07-8784-B1F0B7E6D1DC}.Release|x64.Build.0 = Release|x64
		{5764628B-3619-4A07-8784-B1F0B7E6D1DC}.Release|x86.ActiveCfg = Release|Win32
		{5764628B-3619-4A07-8784-B1F0B7E6D1DC}.Release|x86.Build.0 = Release|Win32
	EndGlobalSection
	GlobalSection(SolutionProperties) = preSolution
		HideSolutionNode = FALSE
	EndGlobalSection
	GlobalSection(ExtensibilityGlobals) = postSolution
		SolutionGuid = {8E9E34AA-1550-41AE-BD2D-71F91E39BA0F}
	EndGlobalSection
EndGlobal
