
Microsoft Visual Studio Solution File, Format Version 12.00
# Visual Studio Version 16
VisualStudioVersion = 16.0.29519.87
MinimumVisualStudioVersion = 10.0.40219.1
Project("{8BC9CEB8-8B4A-11D0-8D11-00A0C91BC942}") = "Fourier_Transform", "Fourier_Transform\Fourier_Transform.vcxproj", "{CC348C42-321D-4641-8F39-8580E8176D64}"
EndProject
Global
	GlobalSection(SolutionConfigurationPlatforms) = preSolution
		Debug|x64 = Debug|x64
		Debug|x86 = Debug|x86
		Release|x64 = Release|x64
		Release|x86 = Release|x86
	EndGlobalSection
	GlobalSection(ProjectConfigurationPlatforms) = postSolution
		{CC348C42-321D-4641-8F39-8580E8176D64}.Debug|x64.ActiveCfg = Debug|x64
		{CC348C42-321D-4641-8F39-8580E8176D64}.Debug|x64.Build.0 = Debug|x64
		{CC348C42-321D-4641-8F39-8580E8176D64}.Debug|x86.ActiveCfg = Debug|Win32
		{CC348C42-321D-4641-8F39-8580E8176D64}.Debug|x86.Build.0 = Debug|Win32
		{CC348C42-321D-4641-8F39-8580E8176D64}.Release|x64.ActiveCfg = Release|x64
		{CC348C42-321D-4641-8F39-8580E8176D64}.Release|x64.Build.0 = Release|x64
		{CC348C42-321D-4641-8F39-8580E8176D64}.Release|x86.ActiveCfg = Release|Win32
		{CC348C42-321D-4641-8F39-8580E8176D64}.Release|x86.Build.0 = Release|Win32
	EndGlobalSection
	GlobalSection(SolutionProperties) = preSolution
		HideSolutionNode = FALSE
	EndGlobalSection
	GlobalSection(ExtensibilityGlobals) = postSolution
		SolutionGuid = {75748B75-944A-4ACA-BF6A-D063A4E4FFFD}
	EndGlobalSection
EndGlobal
